
Microsoft Visual Studio Solution File, Format Version 12.00
# Visual Studio Version 16
VisualStudioVersion = 16.0.29326.143
MinimumVisualStudioVersion = 10.0.40219.1
Project("{FAE04EC0-301F-11D3-BF4B-00C04F79EFBC}") = "chess", "chess\chess.csproj", "{91BAC8E4-F551-4F6E-BAFF-1FF8F18B2B72}"
EndProject
Global
	GlobalSection(SolutionConfigurationPlatforms) = preSolution
		Debug|Any CPU = Debug|Any CPU
		Release|Any CPU = Release|Any CPU
	EndGlobalSection
	GlobalSection(ProjectConfigurationPlatforms) = postSolution
		{91BAC8E4-F551-4F6E-BAFF-1FF8F18B2B72}.Debug|Any CPU.ActiveCfg = Debug|Any CPU
		{91BAC8E4-F551-4F6E-BAFF-1FF8F18B2B72}.Debug|Any CPU.Build.0 = Debug|Any CPU
		{91BAC8E4-F551-4F6E-BAFF-1FF8F18B2B72}.Release|Any CPU.ActiveCfg = Release|Any CPU
		{91BAC8E4-F551-4F6E-BAFF-1FF8F18B2B72}.Release|Any CPU.Build.0 = Release|Any CPU
	EndGlobalSection
	GlobalSection(SolutionProperties) = preSolution
		HideSolutionNode = FALSE
	EndGlobalSection
	GlobalSection(ExtensibilityGlobals) = postSolution
		SolutionGuid = {D92524DD-84E4-4316-B16E-633261DD9E9E}
	EndGlobalSection
EndGlobal
